
Microsoft Visual Studio Solution File, Format Version 12.00
# Visual Studio Version 18
VisualStudioVersion = 18.10.12120.281
MinimumVisualStudioVersion = 10.0.40219.1
Project("{2150E333-8FDC-42A3-9474-1A3956D46DE8}") = "src", "src", "{827E0CD3-B72D-47B6-A68D-7590B98EB39B}"
EndProject
Project("{FAE04EC0-301F-11D3-BF4B-00C04F79EFBC}") = "Cartograph", "src\Cartograph\Cartograph.csproj", "{782E50FD-486C-4E2F-8EC8-59ECEAEFC98B}"
EndProject
Project("{FAE04EC0-301F-11D3-BF4B-00C04F79EFBC}") = "Cartograph.Format", "src\Cartograph.Format\Cartograph.Format.csproj", "{19C217D1-AF0B-489C-87B9-3455D4CABDFF}"
EndProject
Project("{2150E333-8FDC-42A3-9474-1A3956D46DE8}") = "tests", "tests", "{0AB3BF05-4346-4AA6-1389-037BE0695223}"
EndProject
Project("{FAE04EC0-301F-11D3-BF4B-00C04F79EFBC}") = "Cartograph.Tests", "tests\Cartograph.Tests\Cartograph.Tests.csproj", "{DDDA0112-C979-41B5-AD10-5B537A4E60AB}"
EndProject
Project("{2150E333-8FDC-42A3-9474-1A3956D46DE8}") = "bench", "bench", "{760AB15A-8938-8D9B-BEDE-5CE1484B84C3}"
EndProject
Project("{FAE04EC0-301F-11D3-BF4B-00C04F79EFBC}") = "Cartograph.Benchmarks", "bench\Cartograph.Benchmarks\Cartograph.Benchmarks.csproj", "{ED98322C-BD30-4F5E-BA56-8B1C37624222}"
EndProject
Project("{2150E333-8FDC-42A3-9474-1A3956D46DE8}") = "harnesses", "harnesses", "{F9DCB760-0092-E70E-9448-4083DD9D9014}"
EndProject
Project("{FAE04EC0-301F-11D3-BF4B-00C04F79EFBC}") = "Cartograph.Harness", "harnesses\Cartograph.Harness\Cartograph.Harness.csproj", "{9E604D35-3FF4-4D90-BA32-DDDBE80FAC1C}"
EndProject
Project("{FAE04EC0-301F-11D3-BF4B-00C04F79EFBC}") = "Cartograph.Baseline", "harnesses\Cartograph.Baseline\Cartograph.Baseline.csproj", "{98BDC00E-D032-45F5-9261-3F1A48281E7D}"
EndProject
Project("{2150E333-8FDC-42A3-9474-1A3956D46DE8}") = "Miscellaneous", "Miscellaneous", "{3ABAD861-D3D2-4C60-B8AA-E6D027714433}"
	ProjectSection(SolutionItems) = preProject
		Cartograph-Description.md = Cartograph-Description.md
	EndProjectSection
EndProject
Project("{FAE04EC0-301F-11D3-BF4B-00C04F79EFBC}") = "Cartograph.Catalog", "src\Cartograph.Catalog\Cartograph.Catalog.csproj", "{D6888CE2-AC0C-4745-A7F8-543BD5B49E19}"
EndProject
Project("{2150E333-8FDC-42A3-9474-1A3956D46DE8}") = "samples", "samples", "{5D20AA90-6969-D8BD-9DCD-8634F4692FDA}"
EndProject
Project("{FAE04EC0-301F-11D3-BF4B-00C04F79EFBC}") = "Cartograph.Explorer.Core", "samples\Cartograph.Explorer.Core\Cartograph.Explorer.Core.csproj", "{56205B6B-1BD3-4EEB-A4A0-E3B75EDA9525}"
EndProject
Project("{FAE04EC0-301F-11D3-BF4B-00C04F79EFBC}") = "Cartograph.Explorer.WinForms", "samples\Cartograph.Explorer.WinForms\Cartograph.Explorer.WinForms.csproj", "{E80DA15B-4996-4EB6-83CA-C17B35D34145}"
EndProject
Project("{FAE04EC0-301F-11D3-BF4B-00C04F79EFBC}") = "Cartograph.Explorer.Gtk", "samples\Cartograph.Explorer.Gtk\Cartograph.Explorer.Gtk.csproj", "{98C8480D-0ECF-4E6C-B5F3-03359F5AC481}"
EndProject
Global
	GlobalSection(SolutionConfigurationPlatforms) = preSolution
		Debug|Any CPU = Debug|Any CPU
		Debug|x64 = Debug|x64
		Debug|x86 = Debug|x86
		Release|Any CPU = Release|Any CPU
		Release|x64 = Release|x64
		Release|x86 = Release|x86
	EndGlobalSection
	GlobalSection(ProjectConfigurationPlatforms) = postSolution
		{782E50FD-486C-4E2F-8EC8-59ECEAEFC98B}.Debug|Any CPU.ActiveCfg = Debug|Any CPU
		{782E50FD-486C-4E2F-8EC8-59ECEAEFC98B}.Debug|Any CPU.Build.0 = Debug|Any CPU
		{782E50FD-486C-4E2F-8EC8-59ECEAEFC98B}.Debug|x64.ActiveCfg = Debug|Any CPU
		{782E50FD-486C-4E2F-8EC8-59ECEAEFC98B}.Debug|x64.Build.0 = Debug|Any CPU
		{782E50FD-486C-4E2F-8EC8-59ECEAEFC98B}.Debug|x86.ActiveCfg = Debug|Any CPU
		{782E50FD-486C-4E2F-8EC8-59ECEAEFC98B}.Debug|x86.Build.0 = Debug|Any CPU
		{782E50FD-486C-4E2F-8EC8-59ECEAEFC98B}.Release|Any CPU.ActiveCfg = Release|Any CPU
		{782E50FD-486C-4E2F-8EC8-59ECEAEFC98B}.Release|Any CPU.Build.0 = Release|Any CPU
		{782E50FD-486C-4E2F-8EC8-59ECEAEFC98B}.Release|x64.ActiveCfg = Release|Any CPU
		{782E50FD-486C-4E2F-8EC8-59ECEAEFC98B}.Release|x64.Build.0 = Release|Any CPU
		{782E50FD-486C-4E2F-8EC8-59ECEAEFC98B}.Release|x86.ActiveCfg = Release|Any CPU
		{782E50FD-486C-4E2F-8EC8-59ECEAEFC98B}.Release|x86.Build.0 = Release|Any CPU
		{19C217D1-AF0B-489C-87B9-3455D4CABDFF}.Debug|Any CPU.ActiveCfg = Debug|Any CPU
		{19C217D1-AF0B-489C-87B9-3455D4CABDFF}.Debug|Any CPU.Build.0 = Debug|Any CPU
		{19C217D1-AF0B-489C-87B9-3455D4CABDFF}.Debug|x64.ActiveCfg = Debug|Any CPU
		{19C217D1-AF0B-489C-87B9-3455D4CABDFF}.Debug|x64.Build.0 = Debug|Any CPU
		{19C217D1-AF0B-489C-87B9-3455D4CABDFF}.Debug|x86.ActiveCfg = Debug|Any CPU
		{19C217D1-AF0B-489C-87B9-3455D4CABDFF}.Debug|x86.Build.0 = Debug|Any CPU
		{19C217D1-AF0B-489C-87B9-3455D4CABDFF}.Release|Any CPU.ActiveCfg = Release|Any CPU
		{19C217D1-AF0B-489C-87B9-3455D4CABDFF}.Release|Any CPU.Build.0 = Release|Any CPU
		{19C217D1-AF0B-489C-87B9-3455D4CABDFF}.Release|x64.ActiveCfg = Release|Any CPU
		{19C217D1-AF0B-489C-87B9-3455D4CABDFF}.Release|x64.Build.0 = Release|Any CPU
		{19C217D1-AF0B-489C-87B9-3455D4CABDFF}.Release|x86.ActiveCfg = Release|Any CPU
		{19C217D1-AF0B-489C-87B9-3455D4CABDFF}.Release|x86.Build.0 = Release|Any CPU
		{DDDA0112-C979-41B5-AD10-5B537A4E60AB}.Debug|Any CPU.ActiveCfg = Debug|Any CPU
		{DDDA0112-C979-41B5-AD10-5B537A4E60AB}.Debug|Any CPU.Build.0 = Debug|Any CPU
		{DDDA0112-C979-41B5-AD10-5B537A4E60AB}.Debug|x64.ActiveCfg = Debug|Any CPU
		{DDDA0112-C979-41B5-AD10-5B537A4E60AB}.Debug|x64.Build.0 = Debug|Any CPU
		{DDDA0112-C979-41B5-AD10-5B537A4E60AB}.Debug|x86.ActiveCfg = Debug|Any CPU
		{DDDA0112-C979-41B5-AD10-5B537A4E60AB}.Debug|x86.Build.0 = Debug|Any CPU
		{DDDA0112-C979-41B5-AD10-5B537A4E60AB}.Release|Any CPU.ActiveCfg = Release|Any CPU
		{DDDA0112-C979-41B5-AD10-5B537A4E60AB}.Release|Any CPU.Build.0 = Release|Any CPU
		{DDDA0112-C979-41B5-AD10-5B537A4E60AB}.Release|x64.ActiveCfg = Release|Any CPU
		{DDDA0112-C979-41B5-AD10-5B537A4E60AB}.Release|x64.Build.0 = Release|Any CPU
		{DDDA0112-C979-41B5-AD10-5B537A4E60AB}.Release|x86.ActiveCfg = Release|Any CPU
		{DDDA0112-C979-41B5-AD10-5B537A4E60AB}.Release|x86.Build.0 = Release|Any CPU
		{ED98322C-BD30-4F5E-BA56-8B1C37624222}.Debug|Any CPU.ActiveCfg = Debug|Any CPU
		{ED98322C-BD30-4F5E-BA56-8B1C37624222}.Debug|Any CPU.Build.0 = Debug|Any CPU
		{ED98322C-BD30-4F5E-BA56-8B1C37624222}.Debug|x64.ActiveCfg = Debug|Any CPU
		{ED98322C-BD30-4F5E-BA56-8B1C37624222}.Debug|x64.Build.0 = Debug|Any CPU
		{ED98322C-BD30-4F5E-BA56-8B1C37624222}.Debug|x86.ActiveCfg = Debug|Any CPU
		{ED98322C-BD30-4F5E-BA56-8B1C37624222}.Debug|x86.Build.0 = Debug|Any CPU
		{ED98322C-BD30-4F5E-BA56-8B1C37624222}.Release|Any CPU.ActiveCfg = Release|Any CPU
		{ED98322C-BD30-4F5E-BA56-8B1C37624222}.Release|Any CPU.Build.0 = Release|Any CPU
		{ED98322C-BD30-4F5E-BA56-8B1C37624222}.Release|x64.ActiveCfg = Release|Any CPU
		{ED98322C-BD30-4F5E-BA56-8B1C37624222}.Release|x64.Build.0 = Release|Any CPU
		{ED98322C-BD30-4F5E-BA56-8B1C37624222}.Release|x86.ActiveCfg = Release|Any CPU
		{ED98322C-BD30-4F5E-BA56-8B1C37624222}.Release|x86.Build.0 = Release|Any CPU
		{9E604D35-3FF4-4D90-BA32-DDDBE80FAC1C}.Debug|Any CPU.ActiveCfg = Debug|Any CPU
		{9E604D35-3FF4-4D90-BA32-DDDBE80FAC1C}.Debug|Any CPU.Build.0 = Debug|Any CPU
		{9E604D35-3FF4-4D90-BA32-DDDBE80FAC1C}.Debug|x64.ActiveCfg = Debug|Any CPU
		{9E604D35-3FF4-4D90-BA32-DDDBE80FAC1C}.Debug|x64.Build.0 = Debug|Any CPU
		{9E604D35-3FF4-4D90-BA32-DDDBE80FAC1C}.Debug|x86.ActiveCfg = Debug|Any CPU
		{9E604D35-3FF4-4D90-BA32-DDDBE80FAC1C}.Debug|x86.Build.0 = Debug|Any CPU
		{9E604D35-3FF4-4D90-BA32-DDDBE80FAC1C}.Release|Any CPU.ActiveCfg = Release|Any CPU
		{9E604D35-3FF4-4D90-BA32-DDDBE80FAC1C}.Release|Any CPU.Build.0 = Release|Any CPU
		{9E604D35-3FF4-4D90-BA32-DDDBE80FAC1C}.Release|x64.ActiveCfg = Release|Any CPU
		{9E604D35-3FF4-4D90-BA32-DDDBE80FAC1C}.Release|x64.Build.0 = Release|Any CPU
		{9E604D35-3FF4-4D90-BA32-DDDBE80FAC1C}.Release|x86.ActiveCfg = Release|Any CPU
		{9E604D35-3FF4-4D90-BA32-DDDBE80FAC1C}.Release|x86.Build.0 = Release|Any CPU
		{98BDC00E-D032-45F5-9261-3F1A48281E7D}.Debug|Any CPU.ActiveCfg = Debug|Any CPU
		{98BDC00E-D032-45F5-9261-3F1A48281E7D}.Debug|Any CPU.Build.0 = Debug|Any CPU
		{98BDC00E-D032-45F5-9261-3F1A48281E7D}.Debug|x64.ActiveCfg = Debug|Any CPU
		{98BDC00E-D032-45F5-9261-3F1A48281E7D}.Debug|x64.Build.0 = Debug|Any CPU
		{98BDC00E-D032-45F5-9261-3F1A48281E7D}.Debug|x86.ActiveCfg = Debug|Any CPU
		{98BDC00E-D032-45F5-9261-3F1A48281E7D}.Debug|x86.Build.0 = Debug|Any CPU
		{98BDC00E-D032-45F5-9261-3F1A48281E7D}.Release|Any CPU.ActiveCfg = Release|Any CPU
		{98BDC00E-D032-45F5-9261-3F1A48281E7D}.Release|Any CPU.Build.0 = Release|Any CPU
		{98BDC00E-D032-45F5-9261-3F1A48281E7D}.Release|x64.ActiveCfg = Release|Any CPU
		{98BDC00E-D032-45F5-9261-3F1A48281E7D}.Release|x64.Build.0 = Release|Any CPU
		{98BDC00E-D032-45F5-9261-3F1A48281E7D}.Release|x86.ActiveCfg = Release|Any CPU
		{98BDC00E-D032-45F5-9261-3F1A48281E7D}.Release|x86.Build.0 = Release|Any CPU
		{D6888CE2-AC0C-4745-A7F8-543BD5B49E19}.Debug|Any CPU.ActiveCfg = Debug|Any CPU
		{D6888CE2-AC0C-4745-A7F8-543BD5B49E19}.Debug|Any CPU.Build.0 = Debug|Any CPU
		{D6888CE2-AC0C-4745-A7F8-543BD5B49E19}.Debug|x64.ActiveCfg = Debug|Any CPU
		{D6888CE2-AC0C-4745-A7F8-543BD5B49E19}.Debug|x64.Build.0 = Debug|Any CPU
		{D6888CE2-AC0C-4745-A7F8-543BD5B49E19}.Debug|x86.ActiveCfg = Debug|Any CPU
		{D6888CE2-AC0C-4745-A7F8-543BD5B49E19}.Debug|x86.Build.0 = Debug|Any CPU
		{D6888CE2-AC0C-4745-A7F8-543BD5B49E19}.Release|Any CPU.ActiveCfg = Release|Any CPU
		{D6888CE2-AC0C-4745-A7F8-543BD5B49E19}.Release|Any CPU.Build.0 = Release|Any CPU
		{D6888CE2-AC0C-4745-A7F8-543BD5B49E19}.Release|x64.ActiveCfg = Release|Any CPU
		{D6888CE2-AC0C-4745-A7F8-543BD5B49E19}.Release|x64.Build.0 = Release|Any CPU
		{D6888CE2-AC0C-4745-A7F8-543BD5B49E19}.Release|x86.ActiveCfg = Release|Any CPU
		{D6888CE2-AC0C-4745-A7F8-543BD5B49E19}.Release|x86.Build.0 = Release|Any CPU
		{56205B6B-1BD3-4EEB-A4A0-E3B75EDA9525}.Debug|Any CPU.ActiveCfg = Debug|Any CPU
		{56205B6B-1BD3-4EEB-A4A0-E3B75EDA9525}.Debug|Any CPU.Build.0 = Debug|Any CPU
		{56205B6B-1BD3-4EEB-A4A0-E3B75EDA9525}.Debug|x64.ActiveCfg = Debug|Any CPU
		{56205B6B-1BD3-4EEB-A4A0-E3B75EDA9525}.Debug|x64.Build.0 = Debug|Any CPU
		{56205B6B-1BD3-4EEB-A4A0-E3B75EDA9525}.Debug|x86.ActiveCfg = Debug|Any CPU
		{56205B6B-1BD3-4EEB-A4A0-E3B75EDA9525}.Debug|x86.Build.0 = Debug|Any CPU
		{56205B6B-1BD3-4EEB-A4A0-E3B75EDA9525}.Release|Any CPU.ActiveCfg = Release|Any CPU
		{56205B6B-1BD3-4EEB-A4A0-E3B75EDA9525}.Release|Any CPU.Build.0 = Release|Any CPU
		{56205B6B-1BD3-4EEB-A4A0-E3B75EDA9525}.Release|x64.ActiveCfg = Release|Any CPU
		{56205B6B-1BD3-4EEB-A4A0-E3B75EDA9525}.Release|x64.Build.0 = Release|Any CPU
		{56205B6B-1BD3-4EEB-A4A0-E3B75EDA9525}.Release|x86.ActiveCfg = Release|Any CPU
		{56205B6B-1BD3-4EEB-A4A0-E3B75EDA9525}.Release|x86.Build.0 = Release|Any CPU
		{E80DA15B-4996-4EB6-83CA-C17B35D34145}.Debug|Any CPU.ActiveCfg = Debug|Any CPU
		{E80DA15B-4996-4EB6-83CA-C17B35D34145}.Debug|Any CPU.Build.0 = Debug|Any CPU
		{E80DA15B-4996-4EB6-83CA-C17B35D34145}.Debug|x64.ActiveCfg = Debug|Any CPU
		{E80DA15B-4996-4EB6-83CA-C17B35D34145}.Debug|x64.Build.0 = Debug|Any CPU
		{E80DA15B-4996-4EB6-83CA-C17B35D34145}.Debug|x86.ActiveCfg = Debug|Any CPU
		{E80DA15B-4996-4EB6-83CA-C17B35D34145}.Debug|x86.Build.0 = Debug|Any CPU
		{E80DA15B-4996-4EB6-83CA-C17B35D34145}.Release|Any CPU.ActiveCfg = Release|Any CPU
		{E80DA15B-4996-4EB6-83CA-C17B35D34145}.Release|Any CPU.Build.0 = Release|Any CPU
		{E80DA15B-4996-4EB6-83CA-C17B35D34145}.Release|x64.ActiveCfg = Release|Any CPU
		{E80DA15B-4996-4EB6-83CA-C17B35D34145}.Release|x64.Build.0 = Release|Any CPU
		{E80DA15B-4996-4EB6-83CA-C17B35D34145}.Release|x86.ActiveCfg = Release|Any CPU
		{E80DA15B-4996-4EB6-83CA-C17B35D34145}.Release|x86.Build.0 = Release|Any CPU
		{98C8480D-0ECF-4E6C-B5F3-03359F5AC481}.Debug|Any CPU.ActiveCfg = Debug|Any CPU
		{98C8480D-0ECF-4E6C-B5F3-03359F5AC481}.Debug|Any CPU.Build.0 = Debug|Any CPU
		{98C8480D-0ECF-4E6C-B5F3-03359F5AC481}.Debug|x64.ActiveCfg = Debug|Any CPU
		{98C8480D-0ECF-4E6C-B5F3-03359F5AC481}.Debug|x64.Build.0 = Debug|Any CPU
		{98C8480D-0ECF-4E6C-B5F3-03359F5AC481}.Debug|x86.ActiveCfg = Debug|Any CPU
		{98C8480D-0ECF-4E6C-B5F3-03359F5AC481}.Debug|x86.Build.0 = Debug|Any CPU
		{98C8480D-0ECF-4E6C-B5F3-03359F5AC481}.Release|Any CPU.ActiveCfg = Release|Any CPU
		{98C8480D-0ECF-4E6C-B5F3-03359F5AC481}.Release|Any CPU.Build.0 = Release|Any CPU
		{98C8480D-0ECF-4E6C-B5F3-03359F5AC481}.Release|x64.ActiveCfg = Release|Any CPU
		{98C8480D-0ECF-4E6C-B5F3-03359F5AC481}.Release|x64.Build.0 = Release|Any CPU
		{98C8480D-0ECF-4E6C-B5F3-03359F5AC481}.Release|x86.ActiveCfg = Release|Any CPU
		{98C8480D-0ECF-4E6C-B5F3-03359F5AC481}.Release|x86.Build.0 = Release|Any CPU
	EndGlobalSection
	GlobalSection(SolutionProperties) = preSolution
		HideSolutionNode = FALSE
	EndGlobalSection
	GlobalSection(NestedProjects) = preSolution
		{782E50FD-486C-4E2F-8EC8-59ECEAEFC98B} = {827E0CD3-B72D-47B6-A68D-7590B98EB39B}
		{19C217D1-AF0B-489C-87B9-3455D4CABDFF} = {827E0CD3-B72D-47B6-A68D-7590B98EB39B}
		{DDDA0112-C979-41B5-AD10-5B537A4E60AB} = {0AB3BF05-4346-4AA6-1389-037BE0695223}
		{ED98322C-BD30-4F5E-BA56-8B1C37624222} = {760AB15A-8938-8D9B-BEDE-5CE1484B84C3}
		{9E604D35-3FF4-4D90-BA32-DDDBE80FAC1C} = {F9DCB760-0092-E70E-9448-4083DD9D9014}
		{98BDC00E-D032-45F5-9261-3F1A48281E7D} = {F9DCB760-0092-E70E-9448-4083DD9D9014}
		{D6888CE2-AC0C-4745-A7F8-543BD5B49E19} = {827E0CD3-B72D-47B6-A68D-7590B98EB39B}
		{56205B6B-1BD3-4EEB-A4A0-E3B75EDA9525} = {5D20AA90-6969-D8BD-9DCD-8634F4692FDA}
		{E80DA15B-4996-4EB6-83CA-C17B35D34145} = {5D20AA90-6969-D8BD-9DCD-8634F4692FDA}
		{98C8480D-0ECF-4E6C-B5F3-03359F5AC481} = {5D20AA90-6969-D8BD-9DCD-8634F4692FDA}
	EndGlobalSection
	GlobalSection(ExtensibilityGlobals) = postSolution
		SolutionGuid = {073F28F2-9CB1-44B6-81AE-D4BC1CE99173}
	EndGlobalSection
EndGlobal
